// !$*UTF8*$!
{
	archiveVersion = 1;
	classes = {
	};
	objectVersion = 48;
	objects = {

/* Begin PBXBuildFile section */
		C05E8768F9BC32FD80AFF341 /* Pods_CryptoAndAssetsTracker.framework in Frameworks */ = {isa = PBXBuildFile; fileRef = C7EDCB42F7A4CEE68653566B /* Pods_CryptoAndAssetsTracker.framework */; };
		F69C7CCF20479F3600E089A7 /* CorrectCoinPriceList.json in Resources */ = {isa = PBXBuildFile; fileRef = F69C7CCE20479F3500E089A7 /* CorrectCoinPriceList.json */; };
		F6F3319020460D1400E1BE4B /* AppDelegate.swift in Sources */ = {isa = PBXBuildFile; fileRef = F6F3318F20460D1400E1BE4B /* AppDelegate.swift */; };
		F6F3319720460D1400E1BE4B /* Assets.xcassets in Resources */ = {isa = PBXBuildFile; fileRef = F6F3319620460D1400E1BE4B /* Assets.xcassets */; };
		F6F3319A20460D1400E1BE4B /* LaunchScreen.storyboard in Resources */ = {isa = PBXBuildFile; fileRef = F6F3319820460D1400E1BE4B /* LaunchScreen.storyboard */; };
		F6F331A520460D1400E1BE4B /* CryptoAndAssetsTrackerTests.swift in Sources */ = {isa = PBXBuildFile; fileRef = F6F331A420460D1400E1BE4B /* CryptoAndAssetsTrackerTests.swift */; };
		F6F331B020460D1400E1BE4B /* CryptoAndAssetsTrackerUITests.swift in Sources */ = {isa = PBXBuildFile; fileRef = F6F331AF20460D1400E1BE4B /* CryptoAndAssetsTrackerUITests.swift */; };
		F6F331BE20460D9300E1BE4B /* CryptoListViewController.swift in Sources */ = {isa = PBXBuildFile; fileRef = F6F331BD20460D9300E1BE4B /* CryptoListViewController.swift */; };
		F6F331C020460DA200E1BE4B /* CryptoDetailViewController.swift in Sources */ = {isa = PBXBuildFile; fileRef = F6F331BF20460DA200E1BE4B /* CryptoDetailViewController.swift */; };
		F6F331C2204616AE00E1BE4B /* CryptoNetworking.swift in Sources */ = {isa = PBXBuildFile; fileRef = F6F331C1204616AE00E1BE4B /* CryptoNetworking.swift */; };
		F6F331C620461DB700E1BE4B /* CorrectCoinList.json in Resources */ = {isa = PBXBuildFile; fileRef = F6F331C520461DB700E1BE4B /* CorrectCoinList.json */; };
		F6F331C82046206A00E1BE4B /* MissingValuesCoinList.json in Resources */ = {isa = PBXBuildFile; fileRef = F6F331C72046206A00E1BE4B /* MissingValuesCoinList.json */; };
		F6F331CB2046222700E1BE4B /* ToplistModels.swift in Sources */ = {isa = PBXBuildFile; fileRef = F6F331CA2046222700E1BE4B /* ToplistModels.swift */; };
		F6F331CD2046561800E1BE4B /* TestHelper.swift in Sources */ = {isa = PBXBuildFile; fileRef = F6F331CC2046561800E1BE4B /* TestHelper.swift */; };
		F6F331CF20465B5600E1BE4B /* NetworkingTests.swift in Sources */ = {isa = PBXBuildFile; fileRef = F6F331CE20465B5600E1BE4B /* NetworkingTests.swift */; };
		F6F331D120465D0200E1BE4B /* ResultType.swift in Sources */ = {isa = PBXBuildFile; fileRef = F6F331D020465D0200E1BE4B /* ResultType.swift */; };
		F6F331D3204664CF00E1BE4B /* ErrorTypes.swift in Sources */ = {isa = PBXBuildFile; fileRef = F6F331D2204664CF00E1BE4B /* ErrorTypes.swift */; };
/* End PBXBuildFile section */

/* Begin PBXContainerItemProxy section */
		F6F331A120460D1400E1BE4B /* PBXContainerItemProxy */ = {
			isa = PBXContainerItemProxy;
			containerPortal = F6F3318420460D1400E1BE4B /* Project object */;
			proxyType = 1;
			remoteGlobalIDString = F6F3318B20460D1400E1BE4B;
			remoteInfo = CryptoAndAssetsTracker;
		};
		F6F331AC20460D1400E1BE4B /* PBXContainerItemProxy */ = {
			isa = PBXContainerItemProxy;
			containerPortal = F6F3318420460D1400E1BE4B /* Project object */;
			proxyType = 1;
			remoteGlobalIDString = F6F3318B20460D1400E1BE4B;
			remoteInfo = CryptoAndAssetsTracker;
		};
/* End PBXContainerItemProxy section */

/* Begin PBXFileReference section */
		29BA132827865B8D7789FD21 /* Pods-CryptoAndAssetsTracker.release.xcconfig */ = {isa = PBXFileReference; includeInIndex = 1; lastKnownFileType = text.xcconfig; name = "Pods-CryptoAndAssetsTracker.release.xcconfig"; path = "Pods/Target Support Files/Pods-CryptoAndAssetsTracker/Pods-CryptoAndAssetsTracker.release.xcconfig"; sourceTree = "<group>"; };
		A604D261DE6DA243708A89B1 /* Pods-CryptoAndAssetsTracker.debug.xcconfig */ = {isa = PBXFileReference; includeInIndex = 1; lastKnownFileType = text.xcconfig; name = "Pods-CryptoAndAssetsTracker.debug.xcconfig"; path = "Pods/Target Support Files/Pods-CryptoAndAssetsTracker/Pods-CryptoAndAssetsTracker.debug.xcconfig"; sourceTree = "<group>"; };
		C7EDCB42F7A4CEE68653566B /* Pods_CryptoAndAssetsTracker.framework */ = {isa = PBXFileReference; explicitFileType = wrapper.framework; includeInIndex = 0; path = Pods_CryptoAndAssetsTracker.framework; sourceTree = BUILT_PRODUCTS_DIR; };
		F69C7CCE20479F3500E089A7 /* CorrectCoinPriceList.json */ = {isa = PBXFileReference; fileEncoding = 4; lastKnownFileType = text.json; path = CorrectCoinPriceList.json; sourceTree = "<group>"; };
		F6F3318C20460D1400E1BE4B /* CryptoAndAssetsTracker.app */ = {isa = PBXFileReference; explicitFileType = wrapper.application; includeInIndex = 0; path = CryptoAndAssetsTracker.app; sourceTree = BUILT_PRODUCTS_DIR; };
		F6F3318F20460D1400E1BE4B /* AppDelegate.swift */ = {isa = PBXFileReference; lastKnownFileType = sourcecode.swift; path = AppDelegate.swift; sourceTree = "<group>"; };
		F6F3319620460D1400E1BE4B /* Assets.xcassets */ = {isa = PBXFileReference; lastKnownFileType = folder.assetcatalog; path = Assets.xcassets; sourceTree = "<group>"; };
		F6F3319920460D1400E1BE4B /* Base */ = {isa = PBXFileReference; lastKnownFileType = file.storyboard; name = Base; path = Base.lproj/LaunchScreen.storyboard; sourceTree = "<group>"; };
		F6F3319B20460D1400E1BE4B /* Info.plist */ = {isa = PBXFileReference; lastKnownFileType = text.plist.xml; path = Info.plist; sourceTree = "<group>"; };
		F6F331A020460D1400E1BE4B /* CryptoAndAssetsTrackerTests.xctest */ = {isa = PBXFileReference; explicitFileType = wrapper.cfbundle; includeInIndex = 0; path = CryptoAndAssetsTrackerTests.xctest; sourceTree = BUILT_PRODUCTS_DIR; };
		F6F331A420460D1400E1BE4B /* CryptoAndAssetsTrackerTests.swift */ = {isa = PBXFileReference; lastKnownFileType = sourcecode.swift; path = CryptoAndAssetsTrackerTests.swift; sourceTree = "<group>"; };
		F6F331A620460D1400E1BE4B /* Info.plist */ = {isa = PBXFileReference; lastKnownFileType = text.plist.xml; path = Info.plist; sourceTree = "<group>"; };
		F6F331AB20460D1400E1BE4B /* CryptoAndAssetsTrackerUITests.xctest */ = {isa = PBXFileReference; explicitFileType = wrapper.cfbundle; includeInIndex = 0; path = CryptoAndAssetsTrackerUITests.xctest; sourceTree = BUILT_PRODUCTS_DIR; };
		F6F331AF20460D1400E1BE4B /* CryptoAndAssetsTrackerUITests.swift */ = {isa = PBXFileReference; lastKnownFileType = sourcecode.swift; path = CryptoAndAssetsTrackerUITests.swift; sourceTree = "<group>"; };
		F6F331B120460D1400E1BE4B /* Info.plist */ = {isa = PBXFileReference; lastKnownFileType = text.plist.xml; path = Info.plist; sourceTree = "<group>"; };
		F6F331BD20460D9300E1BE4B /* CryptoListViewController.swift */ = {isa = PBXFileReference; lastKnownFileType = sourcecode.swift; path = CryptoListViewController.swift; sourceTree = "<group>"; };
		F6F331BF20460DA200E1BE4B /* CryptoDetailViewController.swift */ = {isa = PBXFileReference; lastKnownFileType = sourcecode.swift; path = CryptoDetailViewController.swift; sourceTree = "<group>"; };
		F6F331C1204616AE00E1BE4B /* CryptoNetworking.swift */ = {isa = PBXFileReference; lastKnownFileType = sourcecode.swift; path = CryptoNetworking.swift; sourceTree = "<group>"; };
		F6F331C520461DB700E1BE4B /* CorrectCoinList.json */ = {isa = PBXFileReference; fileEncoding = 4; lastKnownFileType = text.json; path = CorrectCoinList.json; sourceTree = "<group>"; };
		F6F331C72046206A00E1BE4B /* MissingValuesCoinList.json */ = {isa = PBXFileReference; fileEncoding = 4; lastKnownFileType = text.json; path = MissingValuesCoinList.json; sourceTree = "<group>"; };
		F6F331CA2046222700E1BE4B /* ToplistModels.swift */ = {isa = PBXFileReference; lastKnownFileType = sourcecode.swift; path = ToplistModels.swift; sourceTree = "<group>"; };
		F6F331CC2046561800E1BE4B /* TestHelper.swift */ = {isa = PBXFileReference; lastKnownFileType = sourcecode.swift; path = TestHelper.swift; sourceTree = "<group>"; };
		F6F331CE20465B5600E1BE4B /* NetworkingTests.swift */ = {isa = PBXFileReference; lastKnownFileType = sourcecode.swift; path = NetworkingTests.swift; sourceTree = "<group>"; };
		F6F331D020465D0200E1BE4B /* ResultType.swift */ = {isa = PBXFileReference; lastKnownFileType = sourcecode.swift; path = ResultType.swift; sourceTree = "<group>"; };
		F6F331D2204664CF00E1BE4B /* ErrorTypes.swift */ = {isa = PBXFileReference; lastKnownFileType = sourcecode.swift; path = ErrorTypes.swift; sourceTree = "<group>"; };
/* End PBXFileReference section */

/* Begin PBXFrameworksBuildPhase section */
		F6F3318920460D1400E1BE4B /* Frameworks */ = {
			isa = PBXFrameworksBuildPhase;
			buildActionMask = 2147483647;
			files = (
				C05E8768F9BC32FD80AFF341 /* Pods_CryptoAndAssetsTracker.framework in Frameworks */,
			);
			runOnlyForDeploymentPostprocessing = 0;
		};
		F6F3319D20460D1400E1BE4B /* Frameworks */ = {
			isa = PBXFrameworksBuildPhase;
			buildActionMask = 2147483647;
			files = (
			);
			runOnlyForDeploymentPostprocessing = 0;
		};
		F6F331A820460D1400E1BE4B /* Frameworks */ = {
			isa = PBXFrameworksBuildPhase;
			buildActionMask = 2147483647;
			files = (
			);
			runOnlyForDeploymentPostprocessing = 0;
		};
/* End PBXFrameworksBuildPhase section */

/* Begin PBXGroup section */
		9FF6142601BDF72FCDD27458 /* Frameworks */ = {
			isa = PBXGroup;
			children = (
				C7EDCB42F7A4CEE68653566B /* Pods_CryptoAndAssetsTracker.framework */,
			);
			name = Frameworks;
			sourceTree = "<group>";
		};
		F11DF369A5E71406332942B0 /* Pods */ = {
			isa = PBXGroup;
			children = (
				A604D261DE6DA243708A89B1 /* Pods-CryptoAndAssetsTracker.debug.xcconfig */,
				29BA132827865B8D7789FD21 /* Pods-CryptoAndAssetsTracker.release.xcconfig */,
			);
			name = Pods;
			sourceTree = "<group>";
		};
		F6F3318320460D1400E1BE4B = {
			isa = PBXGroup;
			children = (
				F6F3318E20460D1400E1BE4B /* CryptoAndAssetsTracker */,
				F6F331A320460D1400E1BE4B /* CryptoAndAssetsTrackerTests */,
				F6F331AE20460D1400E1BE4B /* CryptoAndAssetsTrackerUITests */,
				F6F3318D20460D1400E1BE4B /* Products */,
				F11DF369A5E71406332942B0 /* Pods */,
				9FF6142601BDF72FCDD27458 /* Frameworks */,
			);
			sourceTree = "<group>";
		};
		F6F3318D20460D1400E1BE4B /* Products */ = {
			isa = PBXGroup;
			children = (
				F6F3318C20460D1400E1BE4B /* CryptoAndAssetsTracker.app */,
				F6F331A020460D1400E1BE4B /* CryptoAndAssetsTrackerTests.xctest */,
				F6F331AB20460D1400E1BE4B /* CryptoAndAssetsTrackerUITests.xctest */,
			);
			name = Products;
			sourceTree = "<group>";
		};
		F6F3318E20460D1400E1BE4B /* CryptoAndAssetsTracker */ = {
			isa = PBXGroup;
			children = (
				F6F331C9204621F300E1BE4B /* Models */,
				F6F3318F20460D1400E1BE4B /* AppDelegate.swift */,
				F6F3319620460D1400E1BE4B /* Assets.xcassets */,
				F6F3319820460D1400E1BE4B /* LaunchScreen.storyboard */,
				F6F3319B20460D1400E1BE4B /* Info.plist */,
				F6F331BD20460D9300E1BE4B /* CryptoListViewController.swift */,
				F6F331BF20460DA200E1BE4B /* CryptoDetailViewController.swift */,
				F6F331C1204616AE00E1BE4B /* CryptoNetworking.swift */,
			);
			path = CryptoAndAssetsTracker;
			sourceTree = "<group>";
		};
		F6F331A320460D1400E1BE4B /* CryptoAndAssetsTrackerTests */ = {
			isa = PBXGroup;
			children = (
				F6F331C420461DA000E1BE4B /* Test JSON */,
				F6F331A420460D1400E1BE4B /* CryptoAndAssetsTrackerTests.swift */,
				F6F331A620460D1400E1BE4B /* Info.plist */,
				F6F331CC2046561800E1BE4B /* TestHelper.swift */,
				F6F331CE20465B5600E1BE4B /* NetworkingTests.swift */,
			);
			path = CryptoAndAssetsTrackerTests;
			sourceTree = "<group>";
		};
		F6F331AE20460D1400E1BE4B /* CryptoAndAssetsTrackerUITests */ = {
			isa = PBXGroup;
			children = (
				F6F331AF20460D1400E1BE4B /* CryptoAndAssetsTrackerUITests.swift */,
				F6F331B120460D1400E1BE4B /* Info.plist */,
			);
			path = CryptoAndAssetsTrackerUITests;
			sourceTree = "<group>";
		};
		F6F331C420461DA000E1BE4B /* Test JSON */ = {
			isa = PBXGroup;
			children = (
				F6F331C520461DB700E1BE4B /* CorrectCoinList.json */,
				F6F331C72046206A00E1BE4B /* MissingValuesCoinList.json */,
				F69C7CCE20479F3500E089A7 /* CorrectCoinPriceList.json */,
			);
			path = "Test JSON";
			sourceTree = "<group>";
		};
		F6F331C9204621F300E1BE4B /* Models */ = {
			isa = PBXGroup;
			children = (
				F6F331CA2046222700E1BE4B /* ToplistModels.swift */,
				F6F331D020465D0200E1BE4B /* ResultType.swift */,
				F6F331D2204664CF00E1BE4B /* ErrorTypes.swift */,
			);
			path = Models;
			sourceTree = "<group>";
		};
/* End PBXGroup section */

/* Begin PBXNativeTarget section */
		F6F3318B20460D1400E1BE4B /* CryptoAndAssetsTracker */ = {
			isa = PBXNativeTarget;
			buildConfigurationList = F6F331B420460D1400E1BE4B /* Build configuration list for PBXNativeTarget "CryptoAndAssetsTracker" */;
			buildPhases = (
				944CED3D5AA7A3D4CC3AA582 /* [CP] Check Pods Manifest.lock */,
				F6F3318820460D1400E1BE4B /* Sources */,
				F6F3318920460D1400E1BE4B /* Frameworks */,
				F6F3318A20460D1400E1BE4B /* Resources */,
				9501B96020A98A53B1F72338 /* [CP] Embed Pods Frameworks */,
				4870B349818034B3DB466B6A /* [CP] Copy Pods Resources */,
			);
			buildRules = (
			);
			dependencies = (
			);
			name = CryptoAndAssetsTracker;
			productName = CryptoAndAssetsTracker;
			productReference = F6F3318C20460D1400E1BE4B /* CryptoAndAssetsTracker.app */;
			productType = "com.apple.product-type.application";
		};
		F6F3319F20460D1400E1BE4B /* CryptoAndAssetsTrackerTests */ = {
			isa = PBXNativeTarget;
			buildConfigurationList = F6F331B720460D1400E1BE4B /* Build configuration list for PBXNativeTarget "CryptoAndAssetsTrackerTests" */;
			buildPhases = (
				F6F3319C20460D1400E1BE4B /* Sources */,
				F6F3319D20460D1400E1BE4B /* Frameworks */,
				F6F3319E20460D1400E1BE4B /* Resources */,
			);
			buildRules = (
			);
			dependencies = (
				F6F331A220460D1400E1BE4B /* PBXTargetDependency */,
			);
			name = CryptoAndAssetsTrackerTests;
			productName = CryptoAndAssetsTrackerTests;
			productReference = F6F331A020460D1400E1BE4B /* CryptoAndAssetsTrackerTests.xctest */;
			productType = "com.apple.product-type.bundle.unit-test";
		};
		F6F331AA20460D1400E1BE4B /* CryptoAndAssetsTrackerUITests */ = {
			isa = PBXNativeTarget;
			buildConfigurationList = F6F331BA20460D1400E1BE4B /* Build configuration list for PBXNativeTarget "CryptoAndAssetsTrackerUITests" */;
			buildPhases = (
				F6F331A720460D1400E1BE4B /* Sources */,
				F6F331A820460D1400E1BE4B /* Frameworks */,
				F6F331A920460D1400E1BE4B /* Resources */,
			);
			buildRules = (
			);
			dependencies = (
				F6F331AD20460D1400E1BE4B /* PBXTargetDependency */,
			);
			name = CryptoAndAssetsTrackerUITests;
			productName = CryptoAndAssetsTrackerUITests;
			productReference = F6F331AB20460D1400E1BE4B /* CryptoAndAssetsTrackerUITests.xctest */;
			productType = "com.apple.product-type.bundle.ui-testing";
		};
/* End PBXNativeTarget section */

/* Begin PBXProject section */
		F6F3318420460D1400E1BE4B /* Project object */ = {
			isa = PBXProject;
			attributes = {
				LastSwiftUpdateCheck = 0920;
				LastUpgradeCheck = 0920;
				ORGANIZATIONNAME = Taniguchi;
				TargetAttributes = {
					F6F3318B20460D1400E1BE4B = {
						CreatedOnToolsVersion = 9.2;
						ProvisioningStyle = Automatic;
					};
					F6F3319F20460D1400E1BE4B = {
						CreatedOnToolsVersion = 9.2;
						ProvisioningStyle = Automatic;
						TestTargetID = F6F3318B20460D1400E1BE4B;
					};
					F6F331AA20460D1400E1BE4B = {
						CreatedOnToolsVersion = 9.2;
						ProvisioningStyle = Automatic;
						TestTargetID = F6F3318B20460D1400E1BE4B;
					};
				};
			};
			buildConfigurationList = F6F3318720460D1400E1BE4B /* Build configuration list for PBXProject "CryptoAndAssetsTracker" */;
			compatibilityVersion = "Xcode 8.0";
			developmentRegion = en;
			hasScannedForEncodings = 0;
			knownRegions = (
				en,
				Base,
			);
			mainGroup = F6F3318320460D1400E1BE4B;
			productRefGroup = F6F3318D20460D1400E1BE4B /* Products */;
			projectDirPath = "";
			projectRoot = "";
			targets = (
				F6F3318B20460D1400E1BE4B /* CryptoAndAssetsTracker */,
				F6F3319F20460D1400E1BE4B /* CryptoAndAssetsTrackerTests */,
				F6F331AA20460D1400E1BE4B /* CryptoAndAssetsTrackerUITests */,
			);
		};
/* End PBXProject section */

/* Begin PBXResourcesBuildPhase section */
		F6F3318A20460D1400E1BE4B /* Resources */ = {
			isa = PBXResourcesBuildPhase;
			buildActionMask = 2147483647;
			files = (
				F6F3319A20460D1400E1BE4B /* LaunchScreen.storyboard in Resources */,
				F6F3319720460D1400E1BE4B /* Assets.xcassets in Resources */,
			);
			runOnlyForDeploymentPostprocessing = 0;
		};
		F6F3319E20460D1400E1BE4B /* Resources */ = {
			isa = PBXResourcesBuildPhase;
			buildActionMask = 2147483647;
			files = (
				F6F331C620461DB700E1BE4B /* CorrectCoinList.json in Resources */,
				F69C7CCF20479F3600E089A7 /* CorrectCoinPriceList.json in Resources */,
				F6F331C82046206A00E1BE4B /* MissingValuesCoinList.json in Resources */,
			);
			runOnlyForDeploymentPostprocessing = 0;
		};
		F6F331A920460D1400E1BE4B /* Resources */ = {
			isa = PBXResourcesBuildPhase;
			buildActionMask = 2147483647;
			files = (
			);
			runOnlyForDeploymentPostprocessing = 0;
		};
/* End PBXResourcesBuildPhase section */

/* Begin PBXShellScriptBuildPhase section */
		4870B349818034B3DB466B6A /* [CP] Copy Pods Resources */ = {
			isa = PBXShellScriptBuildPhase;
			buildActionMask = 2147483647;
			files = (
			);
			inputPaths = (
			);
			name = "[CP] Copy Pods Resources";
			outputPaths = (
			);
			runOnlyForDeploymentPostprocessing = 0;
			shellPath = /bin/sh;
			shellScript = "\"${SRCROOT}/Pods/Target Support Files/Pods-CryptoAndAssetsTracker/Pods-CryptoAndAssetsTracker-resources.sh\"\n";
			showEnvVarsInLog = 0;
		};
		944CED3D5AA7A3D4CC3AA582 /* [CP] Check Pods Manifest.lock */ = {
			isa = PBXShellScriptBuildPhase;
			buildActionMask = 2147483647;
			files = (
			);
			inputPaths = (
				"${PODS_PODFILE_DIR_PATH}/Podfile.lock",
				"${PODS_ROOT}/Manifest.lock",
			);
			name = "[CP] Check Pods Manifest.lock";
			outputPaths = (
				"$(DERIVED_FILE_DIR)/Pods-CryptoAndAssetsTracker-checkManifestLockResult.txt",
			);
			runOnlyForDeploymentPostprocessing = 0;
			shellPath = /bin/sh;
			shellScript = "diff \"${PODS_PODFILE_DIR_PATH}/Podfile.lock\" \"${PODS_ROOT}/Manifest.lock\" > /dev/null\nif [ $? != 0 ] ; then\n    # print error to STDERR\n    echo \"error: The sandbox is not in sync with the Podfile.lock. Run 'pod install' or update your CocoaPods installation.\" >&2\n    exit 1\nfi\n# This output is used by Xcode 'outputs' to avoid re-running this script phase.\necho \"SUCCESS\" > \"${SCRIPT_OUTPUT_FILE_0}\"\n";
			showEnvVarsInLog = 0;
		};
		9501B96020A98A53B1F72338 /* [CP] Embed Pods Frameworks */ = {
			isa = PBXShellScriptBuildPhase;
			buildActionMask = 2147483647;
			files = (
			);
			inputPaths = (
				"${SRCROOT}/Pods/Target Support Files/Pods-CryptoAndAssetsTracker/Pods-CryptoAndAssetsTracker-frameworks.sh",
				"${BUILT_PRODUCTS_DIR}/Kingfisher/Kingfisher.framework",
			);
			name = "[CP] Embed Pods Frameworks";
			outputPaths = (
				"${TARGET_BUILD_DIR}/${FRAMEWORKS_FOLDER_PATH}/Kingfisher.framework",
			);
			runOnlyForDeploymentPostprocessing = 0;
			shellPath = /bin/sh;
			shellScript = "\"${SRCROOT}/Pods/Target Support Files/Pods-CryptoAndAssetsTracker/Pods-CryptoAndAssetsTracker-frameworks.sh\"\n";
			showEnvVarsInLog = 0;
		};
/* End PBXShellScriptBuildPhase section */

/* Begin PBXSourcesBuildPhase section */
		F6F3318820460D1400E1BE4B /* Sources */ = {
			isa = PBXSourcesBuildPhase;
			buildActionMask = 2147483647;
			files = (
				F6F331C2204616AE00E1BE4B /* CryptoNetworking.swift in Sources */,
				F6F331CB2046222700E1BE4B /* ToplistModels.swift in Sources */,
				F6F3319020460D1400E1BE4B /* AppDelegate.swift in Sources */,
				F6F331BE20460D9300E1BE4B /* CryptoListViewController.swift in Sources */,
				F6F331D120465D0200E1BE4B /* ResultType.swift in Sources */,
				F6F331C020460DA200E1BE4B /* CryptoDetailViewController.swift in Sources */,
				F6F331D3204664CF00E1BE4B /* ErrorTypes.swift in Sources */,
			);
			runOnlyForDeploymentPostprocessing = 0;
		};
		F6F3319C20460D1400E1BE4B /* Sources */ = {
			isa = PBXSourcesBuildPhase;
			buildActionMask = 2147483647;
			files = (
				F6F331A520460D1400E1BE4B /* CryptoAndAssetsTrackerTests.swift in Sources */,
				F6F331CF20465B5600E1BE4B /* NetworkingTests.swift in Sources */,
				F6F331CD2046561800E1BE4B /* TestHelper.swift in Sources */,
			);
			runOnlyForDeploymentPostprocessing = 0;
		};
		F6F331A720460D1400E1BE4B /* Sources */ = {
			isa = PBXSourcesBuildPhase;
			buildActionMask = 2147483647;
			files = (
				F6F331B020460D1400E1BE4B /* CryptoAndAssetsTrackerUITests.swift in Sources */,
			);
			runOnlyForDeploymentPostprocessing = 0;
		};
/* End PBXSourcesBuildPhase section */

/* Begin PBXTargetDependency section */
		F6F331A220460D1400E1BE4B /* PBXTargetDependency */ = {
			isa = PBXTargetDependency;
			target = F6F3318B20460D1400E1BE4B /* CryptoAndAssetsTracker */;
			targetProxy = F6F331A120460D1400E1BE4B /* PBXContainerItemProxy */;
		};
		F6F331AD20460D1400E1BE4B /* PBXTargetDependency */ = {
			isa = PBXTargetDependency;
			target = F6F3318B20460D1400E1BE4B /* CryptoAndAssetsTracker */;
			targetProxy = F6F331AC20460D1400E1BE4B /* PBXContainerItemProxy */;
		};
/* End PBXTargetDependency section */

/* Begin PBXVariantGroup section */
		F6F3319820460D1400E1BE4B /* LaunchScreen.storyboard */ = {
			isa = PBXVariantGroup;
			children = (
				F6F3319920460D1400E1BE4B /* Base */,
			);
			name = LaunchScreen.storyboard;
			sourceTree = "<group>";
		};
/* End PBXVariantGroup section */

/* Begin XCBuildConfiguration section */
		F6F331B220460D1400E1BE4B /* Debug */ = {
			isa = XCBuildConfiguration;
			buildSettings = {
				ALWAYS_SEARCH_USER_PATHS = NO;
				CLANG_ANALYZER_NONNULL = YES;
				CLANG_ANALYZER_NUMBER_OBJECT_CONVERSION = YES_AGGRESSIVE;
				CLANG_CXX_LANGUAGE_STANDARD = "gnu++14";
				CLANG_CXX_LIBRARY = "libc++";
				CLANG_ENABLE_MODULES = YES;
				CLANG_ENABLE_OBJC_ARC = YES;
				CLANG_WARN_BLOCK_CAPTURE_AUTORELEASING = YES;
				CLANG_WARN_BOOL_CONVERSION = YES;
				CLANG_WARN_COMMA = YES;
				CLANG_WARN_CONSTANT_CONVERSION = YES;
				CLANG_WARN_DIRECT_OBJC_ISA_USAGE = YES_ERROR;
				CLANG_WARN_DOCUMENTATION_COMMENTS = YES;
				CLANG_WARN_EMPTY_BODY = YES;
				CLANG_WARN_ENUM_CONVERSION = YES;
				CLANG_WARN_INFINITE_RECURSION = YES;
				CLANG_WARN_INT_CONVERSION = YES;
				CLANG_WARN_NON_LITERAL_NULL_CONVERSION = YES;
				CLANG_WARN_OBJC_LITERAL_CONVERSION = YES;
				CLANG_WARN_OBJC_ROOT_CLASS = YES_ERROR;
				CLANG_WARN_RANGE_LOOP_ANALYSIS = YES;
				CLANG_WARN_STRICT_PROTOTYPES = YES;
				CLANG_WARN_SUSPICIOUS_MOVE = YES;
				CLANG_WARN_UNGUARDED_AVAILABILITY = YES_AGGRESSIVE;
				CLANG_WARN_UNREACHABLE_CODE = YES;
				CLANG_WARN__DUPLICATE_METHOD_MATCH = YES;
				CODE_SIGN_IDENTITY = "iPhone Developer";
				COPY_PHASE_STRIP = NO;
				DEBUG_INFORMATION_FORMAT = dwarf;
				ENABLE_STRICT_OBJC_MSGSEND = YES;
				ENABLE_TESTABILITY = YES;
				GCC_C_LANGUAGE_STANDARD = gnu11;
				GCC_DYNAMIC_NO_PIC = NO;
				GCC_NO_COMMON_BLOCKS = YES;
				GCC_OPTIMIZATION_LEVEL = 0;
				GCC_PREPROCESSOR_DEFINITIONS = (
					"DEBUG=1",
					"$(inherited)",
				);
				GCC_WARN_64_TO_32_BIT_CONVERSION = YES;
				GCC_WARN_ABOUT_RETURN_TYPE = YES_ERROR;
				GCC_WARN_UNDECLARED_SELECTOR = YES;
				GCC_WARN_UNINITIALIZED_AUTOS = YES_AGGRESSIVE;
				GCC_WARN_UNUSED_FUNCTION = YES;
				GCC_WARN_UNUSED_VARIABLE = YES;
				IPHONEOS_DEPLOYMENT_TARGET = 11.2;
				MTL_ENABLE_DEBUG_INFO = YES;
				ONLY_ACTIVE_ARCH = YES;
				SDKROOT = iphoneos;
				SWIFT_ACTIVE_COMPILATION_CONDITIONS = DEBUG;
				SWIFT_OPTIMIZATION_LEVEL = "-Onone";
			};
			name = Debug;
		};
		F6F331B320460D1400E1BE4B /* Release */ = {
			isa = XCBuildConfiguration;
			buildSettings = {
				ALWAYS_SEARCH_USER_PATHS = NO;
				CLANG_ANALYZER_NONNULL = YES;
				CLANG_ANALYZER_NUMBER_OBJECT_CONVERSION = YES_AGGRESSIVE;
				CLANG_CXX_LANGUAGE_STANDARD = "gnu++14";
				CLANG_CXX_LIBRARY = "libc++";
				CLANG_ENABLE_MODULES = YES;
				CLANG_ENABLE_OBJC_ARC = YES;
				CLANG_WARN_BLOCK_CAPTURE_AUTORELEASING = YES;
				CLANG_WARN_BOOL_CONVERSION = YES;
				CLANG_WARN_COMMA = YES;
				CLANG_WARN_CONSTANT_CONVERSION = YES;
				CLANG_WARN_DIRECT_OBJC_ISA_USAGE = YES_ERROR;
				CLANG_WARN_DOCUMENTATION_COMMENTS = YES;
				CLANG_WARN_EMPTY_BODY = YES;
				CLANG_WARN_ENUM_CONVERSION = YES;
				CLANG_WARN_INFINITE_RECURSION = YES;
				CLANG_WARN_INT_CONVERSION = YES;
				CLANG_WARN_NON_LITERAL_NULL_CONVERSION = YES;
				CLANG_WARN_OBJC_LITERAL_CONVERSION = YES;
				CLANG_WARN_OBJC_ROOT_CLASS = YES_ERROR;
				CLANG_WARN_RANGE_LOOP_ANALYSIS = YES;
				CLANG_WARN_STRICT_PROTOTYPES = YES;
				CLANG_WARN_SUSPICIOUS_MOVE = YES;
				CLANG_WARN_UNGUARDED_AVAILABILITY = YES_AGGRESSIVE;
				CLANG_WARN_UNREACHABLE_CODE = YES;
				CLANG_WARN__DUPLICATE_METHOD_MATCH = YES;
				CODE_SIGN_IDENTITY = "iPhone Developer";
				COPY_PHASE_STRIP = NO;
				DEBUG_INFORMATION_FORMAT = "dwarf-with-dsym";
				ENABLE_NS_ASSERTIONS = NO;
				ENABLE_STRICT_OBJC_MSGSEND = YES;
				GCC_C_LANGUAGE_STANDARD = gnu11;
				GCC_NO_COMMON_BLOCKS = YES;
				GCC_WARN_64_TO_32_BIT_CONVERSION = YES;
				GCC_WARN_ABOUT_RETURN_TYPE = YES_ERROR;
				GCC_WARN_UNDECLARED_SELECTOR = YES;
				GCC_WARN_UNINITIALIZED_AUTOS = YES_AGGRESSIVE;
				GCC_WARN_UNUSED_FUNCTION = YES;
				GCC_WARN_UNUSED_VARIABLE = YES;
				IPHONEOS_DEPLOYMENT_TARGET = 11.2;
				MTL_ENABLE_DEBUG_INFO = NO;
				SDKROOT = iphoneos;
				SWIFT_OPTIMIZATION_LEVEL = "-Owholemodule";
				VALIDATE_PRODUCT = YES;
			};
			name = Release;
		};
		F6F331B520460D1400E1BE4B /* Debug */ = {
			isa = XCBuildConfiguration;
			baseConfigurationReference = A604D261DE6DA243708A89B1 /* Pods-CryptoAndAssetsTracker.debug.xcconfig */;
			buildSettings = {
				ASSETCATALOG_COMPILER_APPICON_NAME = AppIcon;
				CODE_SIGN_STYLE = Automatic;
				DEVELOPMENT_TEAM = 3B3FT42G96;
				INFOPLIST_FILE = CryptoAndAssetsTracker/Info.plist;
				LD_RUNPATH_SEARCH_PATHS = "$(inherited) @executable_path/Frameworks";
				PRODUCT_BUNDLE_IDENTIFIER = com.taniguchi.CryptoAndAssetsTracker;
				PRODUCT_NAME = "$(TARGET_NAME)";
				SWIFT_VERSION = 4.0;
				TARGETED_DEVICE_FAMILY = "1,2";
			};
			name = Debug;
		};
		F6F331B620460D1400E1BE4B /* Release */ = {
			isa = XCBuildConfiguration;
			baseConfigurationReference = 29BA132827865B8D7789FD21 /* Pods-CryptoAndAssetsTracker.release.xcconfig */;
			buildSettings = {
				ASSETCATALOG_COMPILER_APPICON_NAME = AppIcon;
				CODE_SIGN_STYLE = Automatic;
				DEVELOPMENT_TEAM = 3B3FT42G96;
				INFOPLIST_FILE = CryptoAndAssetsTracker/Info.plist;
				LD_RUNPATH_SEARCH_PATHS = "$(inherited) @executable_path/Frameworks";
				PRODUCT_BUNDLE_IDENTIFIER = com.taniguchi.CryptoAndAssetsTracker;
				PRODUCT_NAME = "$(TARGET_NAME)";
				SWIFT_VERSION = 4.0;
				TARGETED_DEVICE_FAMILY = "1,2";
			};
			name = Release;
		};
		F6F331B820460D1400E1BE4B /* Debug */ = {
			isa = XCBuildConfiguration;
			buildSettings = {
				ALWAYS_EMBED_SWIFT_STANDARD_LIBRARIES = YES;
				BUNDLE_LOADER = "$(TEST_HOST)";
				CODE_SIGN_STYLE = Automatic;
				DEVELOPMENT_TEAM = 3B3FT42G96;
				INFOPLIST_FILE = CryptoAndAssetsTrackerTests/Info.plist;
				LD_RUNPATH_SEARCH_PATHS = "$(inherited) @executable_path/Frameworks @loader_path/Frameworks";
				PRODUCT_BUNDLE_IDENTIFIER = com.taniguchi.CryptoAndAssetsTrackerTests;
				PRODUCT_NAME = "$(TARGET_NAME)";
				SWIFT_VERSION = 4.0;
				TARGETED_DEVICE_FAMILY = "1,2";
				TEST_HOST = "$(BUILT_PRODUCTS_DIR)/CryptoAndAssetsTracker.app/CryptoAndAssetsTracker";
			};
			name = Debug;
		};
		F6F331B920460D1400E1BE4B /* Release */ = {
			isa = XCBuildConfiguration;
			buildSettings = {
				ALWAYS_EMBED_SWIFT_STANDARD_LIBRARIES = YES;
				BUNDLE_LOADER = "$(TEST_HOST)";
				CODE_SIGN_STYLE = Automatic;
				DEVELOPMENT_TEAM = 3B3FT42G96;
				INFOPLIST_FILE = CryptoAndAssetsTrackerTests/Info.plist;
				LD_RUNPATH_SEARCH_PATHS = "$(inherited) @executable_path/Frameworks @loader_path/Frameworks";
				PRODUCT_BUNDLE_IDENTIFIER = com.taniguchi.CryptoAndAssetsTrackerTests;
				PRODUCT_NAME = "$(TARGET_NAME)";
				SWIFT_VERSION = 4.0;
				TARGETED_DEVICE_FAMILY = "1,2";
				TEST_HOST = "$(BUILT_PRODUCTS_DIR)/CryptoAndAssetsTracker.app/CryptoAndAssetsTracker";
			};
			name = Release;
		};
		F6F331BB20460D1400E1BE4B /* Debug */ = {
			isa = XCBuildConfiguration;
			buildSettings = {
				ALWAYS_EMBED_SWIFT_STANDARD_LIBRARIES = YES;
				CODE_SIGN_STYLE = Automatic;
				DEVELOPMENT_TEAM = 3B3FT42G96;
				INFOPLIST_FILE = CryptoAndAssetsTrackerUITests/Info.plist;
				LD_RUNPATH_SEARCH_PATHS = "$(inherited) @executable_path/Frameworks @loader_path/Frameworks";
				PRODUCT_BUNDLE_IDENTIFIER = com.taniguchi.CryptoAndAssetsTrackerUITests;
				PRODUCT_NAME = "$(TARGET_NAME)";
				SWIFT_VERSION = 4.0;
				TARGETED_DEVICE_FAMILY = "1,2";
				TEST_TARGET_NAME = CryptoAndAssetsTracker;
			};
			name = Debug;
		};
		F6F331BC20460D1400E1BE4B /* Release */ = {
			isa = XCBuildConfiguration;
			buildSettings = {
				ALWAYS_EMBED_SWIFT_STANDARD_LIBRARIES = YES;
				CODE_SIGN_STYLE = Automatic;
				DEVELOPMENT_TEAM = 3B3FT42G96;
				INFOPLIST_FILE = CryptoAndAssetsTrackerUITests/Info.plist;
				LD_RUNPATH_SEARCH_PATHS = "$(inherited) @executable_path/Frameworks @loader_path/Frameworks";
				PRODUCT_BUNDLE_IDENTIFIER = com.taniguchi.CryptoAndAssetsTrackerUITests;
				PRODUCT_NAME = "$(TARGET_NAME)";
				SWIFT_VERSION = 4.0;
				TARGETED_DEVICE_FAMILY = "1,2";
				TEST_TARGET_NAME = CryptoAndAssetsTracker;
			};
			name = Release;
		};
/* End XCBuildConfiguration section */

/* Begin XCConfigurationList section */
		F6F3318720460D1400E1BE4B /* Build configuration list for PBXProject "CryptoAndAssetsTracker" */ = {
			isa = XCConfigurationList;
			buildConfigurations = (
				F6F331B220460D1400E1BE4B /* Debug */,
				F6F331B320460D1400E1BE4B /* Release */,
			);
			defaultConfigurationIsVisible = 0;
			defaultConfigurationName = Release;
		};
		F6F331B420460D1400E1BE4B /* Build configuration list for PBXNativeTarget "CryptoAndAssetsTracker" */ = {
			isa = XCConfigurationList;
			buildConfigurations = (
				F6F331B520460D1400E1BE4B /* Debug */,
				F6F331B620460D1400E1BE4B /* Release */,
			);
			defaultConfigurationIsVisible = 0;
			defaultConfigurationName = Release;
		};
		F6F331B720460D1400E1BE4B /* Build configuration list for PBXNativeTarget "CryptoAndAssetsTrackerTests" */ = {
			isa = XCConfigurationList;
			buildConfigurations = (
				F6F331B820460D1400E1BE4B /* Debug */,
				F6F331B920460D1400E1BE4B /* Release */,
			);
			defaultConfigurationIsVisible = 0;
			defaultConfigurationName = Release;
		};
		F6F331BA20460D1400E1BE4B /* Build configuration list for PBXNativeTarget "CryptoAndAssetsTrackerUITests" */ = {
			isa = XCConfigurationList;
			buildConfigurations = (
				F6F331BB20460D1400E1BE4B /* Debug */,
				F6F331BC20460D1400E1BE4B /* Release */,
			);
			defaultConfigurationIsVisible = 0;
			defaultConfigurationName = Release;
		};
/* End XCConfigurationList section */
	};
	rootObject = F6F3318420460D1400E1BE4B /* Project object */;
}
